
Microsoft Visual Studio Solution File, Format Version 12.00
# Visual Studio Version 17
VisualStudioVersion = 17.4.33205.214
MinimumVisualStudioVersion = 10.0.40219.1
Project("{FAE04EC0-301F-11D3-BF4B-00C04F79EFBC}") = "AGUDecoder", "AGUDecoder\AGUDecoder.csproj", "{66573581-4F0C-4647-93CF-678289FA3A53}"
EndProject
Global
	GlobalSection(SolutionConfigurationPlatforms) = preSolution
		Debug|Any CPU = Debug|Any CPU
		Release|Any CPU = Release|Any CPU
	EndGlobalSection
	GlobalSection(ProjectConfigurationPlatforms) = postSolution
		{66573581-4F0C-4647-93CF-678289FA3A53}.Debug|Any CPU.ActiveCfg = Debug|Any CPU
		{66573581-4F0C-4647-93CF-678289FA3A53}.Debug|Any CPU.Build.0 = Debug|Any CPU
		{66573581-4F0C-4647-93CF-678289FA3A53}.Release|Any CPU.ActiveCfg = Release|Any CPU
		{66573581-4F0C-4647-93CF-678289FA3A53}.Release|Any CPU.Build.0 = Release|Any CPU
	EndGlobalSection
	GlobalSection(SolutionProperties) = preSolution
		HideSolutionNode = FALSE
	EndGlobalSection
	GlobalSection(ExtensibilityGlobals) = postSolution
		SolutionGuid = {DA088C96-B7D4-44BF-B8CB-3347505577DD}
	EndGlobalSection
EndGlobal
